// !$*UTF8*$!
{
	archiveVersion = 1;
	classes = {
	};
	objectVersion = 46;
	objects = {

/* Begin PBXBuildFile section */
		AA5EA5AB1C227A5D001481A3 /* AppDelegate.swift in Sources */ = {isa = PBXBuildFile; fileRef = AA5EA5AA1C227A5D001481A3 /* AppDelegate.swift */; };
		AA5EA5B01C227A5D001481A3 /* Main.storyboard in Resources */ = {isa = PBXBuildFile; fileRef = AA5EA5AE1C227A5D001481A3 /* Main.storyboard */; };
		AA5EA5B51C227A5D001481A3 /* LaunchScreen.storyboard in Resources */ = {isa = PBXBuildFile; fileRef = AA5EA5B31C227A5D001481A3 /* LaunchScreen.storyboard */; };
		AA5EA5BD1C23D18B001481A3 /* P5TableViewController.swift in Sources */ = {isa = PBXBuildFile; fileRef = AA5EA5BC1C23D18B001481A3 /* P5TableViewController.swift */; };
		AA5EA5BF1C23D983001481A3 /* Assets.xcassets in Resources */ = {isa = PBXBuildFile; fileRef = AA5EA5BE1C23D983001481A3 /* Assets.xcassets */; };
/* End PBXBuildFile section */

/* Begin PBXFileReference section */
		AA5EA5A71C227A5D001481A3 /* Project5.app */ = {isa = PBXFileReference; explicitFileType = wrapper.application; includeInIndex = 0; path = Project5.app; sourceTree = BUILT_PRODUCTS_DIR; };
		AA5EA5AA1C227A5D001481A3 /* AppDelegate.swift */ = {isa = PBXFileReference; lastKnownFileType = sourcecode.swift; path = AppDelegate.swift; sourceTree = "<group>"; };
		AA5EA5AF1C227A5D001481A3 /* Base */ = {isa = PBXFileReference; lastKnownFileType = file.storyboard; name = Base; path = Base.lproj/Main.storyboard; sourceTree = "<group>"; };
		AA5EA5B41C227A5D001481A3 /* Base */ = {isa = PBXFileReference; lastKnownFileType = file.storyboard; name = Base; path = Base.lproj/LaunchScreen.storyboard; sourceTree = "<group>"; };
		AA5EA5B61C227A5D001481A3 /* Info.plist */ = {isa = PBXFileReference; lastKnownFileType = text.plist.xml; path = Info.plist; sourceTree = "<group>"; };
		AA5EA5BC1C23D18B001481A3 /* P5TableViewController.swift */ = {isa = PBXFileReference; fileEncoding = 4; lastKnownFileType = sourcecode.swift; path = P5TableViewController.swift; sourceTree = "<group>"; };
		AA5EA5BE1C23D983001481A3 /* Assets.xcassets */ = {isa = PBXFileReference; lastKnownFileType = folder.assetcatalog; path = Assets.xcassets; sourceTree = "<group>"; };
/* End PBXFileReference section */

/* Begin PBXFrameworksBuildPhase section */
		AA5EA5A41C227A5D001481A3 /* Frameworks */ = {
			isa = PBXFrameworksBuildPhase;
			buildActionMask = 2147483647;
			files = (
			);
			runOnlyForDeploymentPostprocessing = 0;
		};
/* End PBXFrameworksBuildPhase section */

/* Begin PBXGroup section */
		AA5EA59E1C227A5D001481A3 = {
			isa = PBXGroup;
			children = (
				AA5EA5A91C227A5D001481A3 /* Project5 */,
				AA5EA5A81C227A5D001481A3 /* Products */,
			);
			sourceTree = "<group>";
		};
		AA5EA5A81C227A5D001481A3 /* Products */ = {
			isa = PBXGroup;
			children = (
				AA5EA5A71C227A5D001481A3 /* Project5.app */,
			);
			name = Products;
			sourceTree = "<group>";
		};
		AA5EA5A91C227A5D001481A3 /* Project5 */ = {
			isa = PBXGroup;
			children = (
				AA5EA5AA1C227A5D001481A3 /* AppDelegate.swift */,
				AA5EA5BC1C23D18B001481A3 /* P5TableViewController.swift */,
				AA5EA5BE1C23D983001481A3 /* Assets.xcassets */,
				AA5EA5AE1C227A5D001481A3 /* Main.storyboard */,
				AA5EA5B31C227A5D001481A3 /* LaunchScreen.storyboard */,
				AA5EA5B61C227A5D001481A3 /* Info.plist */,
			);
			path = Project5;
			sourceTree = "<group>";
		};
/* End PBXGroup section */

/* Begin PBXNativeTarget section */
		AA5EA5A61C227A5D001481A3 /* Project5 */ = {
			isa = PBXNativeTarget;
			buildConfigurationList = AA5EA5B91C227A5D001481A3 /* Build configuration list for PBXNativeTarget "Project5" */;
			buildPhases = (
				AA5EA5A31C227A5D001481A3 /* Sources */,
				AA5EA5A41C227A5D001481A3 /* Frameworks */,
				AA5EA5A51C227A5D001481A3 /* Resources */,
			);
			buildRules = (
			);
			dependencies = (
			);
			name = Project5;
			productName = Project5;
			productReference = AA5EA5A71C227A5D001481A3 /* Project5.app */;
			productType = "com.apple.product-type.application";
		};
/* End PBXNativeTarget section */

/* Begin PBXProject section */
		AA5EA59F1C227A5D001481A3 /* Project object */ = {
			isa = PBXProject;
			attributes = {
				LastSwiftUpdateCheck = 0720;
				LastUpgradeCheck = 0720;
				ORGANIZATIONNAME = "Oh Sang Young";
				TargetAttributes = {
					AA5EA5A61C227A5D001481A3 = {
						CreatedOnToolsVersion = 7.2;
					};
				};
			};
			buildConfigurationList = AA5EA5A21C227A5D001481A3 /* Build configuration list for PBXProject "Project5" */;
			compatibilityVersion = "Xcode 3.2";
			developmentRegion = English;
			hasScannedForEncodings = 0;
			knownRegions = (
				en,
				Base,
			);
			mainGroup = AA5EA59E1C227A5D001481A3;
			productRefGroup = AA5EA5A81C227A5D001481A3 /* Products */;
			projectDirPath = "";
			projectRoot = "";
			targets = (
				AA5EA5A61C227A5D001481A3 /* Project5 */,
			);
		};
/* End PBXProject section */

/* Begin PBXResourcesBuildPhase section */
		AA5EA5A51C227A5D001481A3 /* Resources */ = {
			isa = PBXResourcesBuildPhase;
			buildActionMask = 2147483647;
			files = (
				AA5EA5B51C227A5D001481A3 /* LaunchScreen.storyboard in Resources */,
				AA5EA5BF1C23D983001481A3 /* Assets.xcassets in Resources */,
				AA5EA5B01C227A5D001481A3 /* Main.storyboard in Resources */,
			);
			runOnlyForDeploymentPostprocessing = 0;
		};
/* End PBXResourcesBuildPhase section */

/* Begin PBXSourcesBuildPhase section */
		AA5EA5A31C227A5D001481A3 /* Sources */ = {
			isa = PBXSourcesBuildPhase;
			buildActionMask = 2147483647;
			files = (
				AA5EA5BD1C23D18B001481A3 /* P5TableViewController.swift in Sources */,
				AA5EA5AB1C227A5D001481A3 /* AppDelegate.swift in Sources */,
			);
			runOnlyForDeploymentPostprocessing = 0;
		};
/* End PBXSourcesBuildPhase section */

/* Begin PBXVariantGroup section */
		AA5EA5AE1C227A5D001481A3 /* Main.storyboard */ = {
			isa = PBXVariantGroup;
			children = (
				AA5EA5AF1C227A5D001481A3 /* Base */,
			);
			name = Main.storyboard;
			sourceTree = "<group>";
		};
		AA5EA5B31C227A5D001481A3 /* LaunchScreen.storyboard */ = {
			isa = PBXVariantGroup;
			children = (
				AA5EA5B41C227A5D001481A3 /* Base */,
			);
			name = LaunchScreen.storyboard;
			sourceTree = "<group>";
		};
/* End PBXVariantGroup section */

/* Begin XCBuildConfiguration section */
		AA5EA5B71C227A5D001481A3 /* Debug */ = {
			isa = XCBuildConfiguration;
			buildSettings = {
				ALWAYS_SEARCH_USER_PATHS = NO;
				CLANG_CXX_LANGUAGE_STANDARD = "gnu++0x";
				CLANG_CXX_LIBRARY = "libc++";
				CLANG_ENABLE_MODULES = YES;
				CLANG_ENABLE_OBJC_ARC = YES;
				CLANG_WARN_BOOL_CONVERSION = YES;
				CLANG_WARN_CONSTANT_CONVERSION = YES;
				CLANG_WARN_DIRECT_OBJC_ISA_USAGE = YES_ERROR;
				CLANG_WARN_EMPTY_BODY = YES;
				CLANG_WARN_ENUM_CONVERSION = YES;
				CLANG_WARN_INT_CONVERSION = YES;
				CLANG_WARN_OBJC_ROOT_CLASS = YES_ERROR;
				CLANG_WARN_UNREACHABLE_CODE = YES;
				CLANG_WARN__DUPLICATE_METHOD_MATCH = YES;
				"CODE_SIGN_IDENTITY[sdk=iphoneos*]" = "iPhone Developer";
				COPY_PHASE_STRIP = NO;
				DEBUG_INFORMATION_FORMAT = dwarf;
				ENABLE_STRICT_OBJC_MSGSEND = YES;
				ENABLE_TESTABILITY = YES;
				GCC_C_LANGUAGE_STANDARD = gnu99;
				GCC_DYNAMIC_NO_PIC = NO;
				GCC_NO_COMMON_BLOCKS = YES;
				GCC_OPTIMIZATION_LEVEL = 0;
				GCC_PREPROCESSOR_DEFINITIONS = (
					"DEBUG=1",
					"$(inherited)",
				);
				GCC_WARN_64_TO_32_BIT_CONVERSION = YES;
				GCC_WARN_ABOUT_RETURN_TYPE = YES_ERROR;
				GCC_WARN_UNDECLARED_SELECTOR = YES;
				GCC_WARN_UNINITIALIZED_AUTOS = YES_AGGRESSIVE;
				GCC_WARN_UNUSED_FUNCTION = YES;
				GCC_WARN_UNUSED_VARIABLE = YES;
				IPHONEOS_DEPLOYMENT_TARGET = 9.2;
				MTL_ENABLE_DEBUG_INFO = YES;
				ONLY_ACTIVE_ARCH = YES;
				SDKROOT = iphoneos;
				SWIFT_OPTIMIZATION_LEVEL = "-Onone";
				TARGETED_DEVICE_FAMILY = "1,2";
			};
			name = Debug;
		};
		AA5EA5B81C227A5D001481A3 /* Release */ = {
			isa = XCBuildConfiguration;
			buildSettings = {
				ALWAYS_SEARCH_USER_PATHS = NO;
				CLANG_CXX_LANGUAGE_STANDARD = "gnu++0x";
				CLANG_CXX_LIBRARY = "libc++";
				CLANG_ENABLE_MODULES = YES;
				CLANG_ENABLE_OBJC_ARC = YES;
				CLANG_WARN_BOOL_CONVERSION = YES;
				CLANG_WARN_CONSTANT_CONVERSION = YES;
				CLANG_WARN_DIRECT_OBJC_ISA_USAGE = YES_ERROR;
				CLANG_WARN_EMPTY_BODY = YES;
				CLANG_WARN_ENUM_CONVERSION = YES;
				CLANG_WARN_INT_CONVERSION = YES;
				CLANG_WARN_OBJC_ROOT_CLASS = YES_ERROR;
				CLANG_WARN_UNREACHABLE_CODE = YES;
				CLANG_WARN__DUPLICATE_METHOD_MATCH = YES;
				"CODE_SIGN_IDENTITY[sdk=iphoneos*]" = "iPhone Developer";
				COPY_PHASE_STRIP = NO;
				DEBUG_INFORMATION_FORMAT = "dwarf-with-dsym";
				ENABLE_NS_ASSERTIONS = NO;
				ENABLE_STRICT_OBJC_MSGSEND = YES;
				GCC_C_LANGUAGE_STANDARD = gnu99;
				GCC_NO_COMMON_BLOCKS = YES;
				GCC_WARN_64_TO_32_BIT_CONVERSION = YES;
				GCC_WARN_ABOUT_RETURN_TYPE = YES_ERROR;
				GCC_WARN_UNDECLARED_SELECTOR = YES;
				GCC_WARN_UNINITIALIZED_AUTOS = YES_AGGRESSIVE;
				GCC_WARN_UNUSED_FUNCTION = YES;
				GCC_WARN_UNUSED_VARIABLE = YES;
				IPHONEOS_DEPLOYMENT_TARGET = 9.2;
				MTL_ENABLE_DEBUG_INFO = NO;
				SDKROOT = iphoneos;
				TARGETED_DEVICE_FAMILY = "1,2";
				VALIDATE_PRODUCT = YES;
			};
			name = Release;
		};
		AA5EA5BA1C227A5D001481A3 /* Debug */ = {
			isa = XCBuildConfiguration;
			buildSettings = {
				ASSETCATALOG_COMPILER_APPICON_NAME = AppIcon;
				INFOPLIST_FILE = Project5/Info.plist;
				LD_RUNPATH_SEARCH_PATHS = "$(inherited) @executable_path/Frameworks";
				PRODUCT_BUNDLE_IDENTIFIER = thatseeyou.Project5;
				PRODUCT_NAME = "$(TARGET_NAME)";
			};
			name = Debug;
		};
		AA5EA5BB1C227A5D001481A3 /* Release */ = {
			isa = XCBuildConfiguration;
			buildSettings = {
				ASSETCATALOG_COMPILER_APPICON_NAME = AppIcon;
				INFOPLIST_FILE = Project5/Info.plist;
				LD_RUNPATH_SEARCH_PATHS = "$(inherited) @executable_path/Frameworks";
				PRODUCT_BUNDLE_IDENTIFIER = thatseeyou.Project5;
				PRODUCT_NAME = "$(TARGET_NAME)";
			};
			name = Release;
		};
/* End XCBuildConfiguration section */

/* Begin XCConfigurationList section */
		AA5EA5A21C227A5D001481A3 /* Build configuration list for PBXProject "Project5" */ = {
			isa = XCConfigurationList;
			buildConfigurations = (
				AA5EA5B71C227A5D001481A3 /* Debug */,
				AA5EA5B81C227A5D001481A3 /* Release */,
			);
			defaultConfigurationIsVisible = 0;
			defaultConfigurationName = Release;
		};
		AA5EA5B91C227A5D001481A3 /* Build configuration list for PBXNativeTarget "Project5" */ = {
			isa = XCConfigurationList;
			buildConfigurations = (
				AA5EA5BA1C227A5D001481A3 /* Debug */,
				AA5EA5BB1C227A5D001481A3 /* Release */,
			);
			defaultConfigurationIsVisible = 0;
		};
/* End XCConfigurationList section */
	};
	rootObject = AA5EA59F1C227A5D001481A3 /* Project object */;
}
